
Microsoft Visual Studio Solution File, Format Version 12.00
# Visual Studio Version 17
VisualStudioVersion = 17.13.36105.23 d17.13
MinimumVisualStudioVersion = 10.0.40219.1
Project("{FAE04EC0-301F-11D3-BF4B-00C04F79EFBC}") = "squares-api-adform", "squares-api-adform\squares-api-adform.csproj", "{537CF83F-3166-4F40-BB94-291247411787}"
EndProject
Global
	GlobalSection(SolutionConfigurationPlatforms) = preSolution
		Debug|Any CPU = Debug|Any CPU
		Release|Any CPU = Release|Any CPU
	EndGlobalSection
	GlobalSection(ProjectConfigurationPlatforms) = postSolution
		{537CF83F-3166-4F40-BB94-291247411787}.Debug|Any CPU.ActiveCfg = Debug|Any CPU
		{537CF83F-3166-4F40-BB94-291247411787}.Debug|Any CPU.Build.0 = Debug|Any CPU
		{537CF83F-3166-4F40-BB94-291247411787}.Release|Any CPU.ActiveCfg = Release|Any CPU
		{537CF83F-3166-4F40-BB94-291247411787}.Release|Any CPU.Build.0 = Release|Any CPU
	EndGlobalSection
	GlobalSection(SolutionProperties) = preSolution
		HideSolutionNode = FALSE
	EndGlobalSection
	GlobalSection(ExtensibilityGlobals) = postSolution
		SolutionGuid = {D4CDB80E-CAC1-472E-B88E-BFD4CA0FAC58}
	EndGlobalSection
EndGlobal
